
Microsoft Visual Studio Solution File, Format Version 12.00
# Visual Studio Version 16
VisualStudioVersion = 16.0.30128.74
MinimumVisualStudioVersion = 10.0.40219.1
Project("{FAE04EC0-301F-11D3-BF4B-00C04F79EFBC}") = "BloodBankManagementSystem", "BloodBankManagementSystem\BloodBankManagementSystem.csproj", "{8380B3E8-2179-44C9-9A2B-C3C2B149A3EB}"
EndProject
Project("{FAE04EC0-301F-11D3-BF4B-00C04F79EFBC}") = "DataAccessLayer", "DataAccessLayer\DataAccessLayer.csproj", "{71E384C6-AB56-4451-8128-A59A77E42869}"
EndProject
Global
	GlobalSection(SolutionConfigurationPlatforms) = preSolution
		Debug|Any CPU = Debug|Any CPU
		Release|Any CPU = Release|Any CPU
	EndGlobalSection
	GlobalSection(ProjectConfigurationPlatforms) = postSolution
		{8380B3E8-2179-44C9-9A2B-C3C2B149A3EB}.Debug|Any CPU.ActiveCfg = Debug|Any CPU
		{8380B3E8-2179-44C9-9A2B-C3C2B149A3EB}.Debug|Any CPU.Build.0 = Debug|Any CPU
		{8380B3E8-2179-44C9-9A2B-C3C2B149A3EB}.Release|Any CPU.ActiveCfg = Release|Any CPU
		{8380B3E8-2179-44C9-9A2B-C3C2B149A3EB}.Release|Any CPU.Build.0 = Release|Any CPU
		{71E384C6-AB56-4451-8128-A59A77E42869}.Debug|Any CPU.ActiveCfg = Debug|Any CPU
		{71E384C6-AB56-4451-8128-A59A77E42869}.Debug|Any CPU.Build.0 = Debug|Any CPU
		{71E384C6-AB56-4451-8128-A59A77E42869}.Release|Any CPU.ActiveCfg = Release|Any CPU
		{71E384C6-AB56-4451-8128-A59A77E42869}.Release|Any CPU.Build.0 = Release|Any CPU
	EndGlobalSection
	GlobalSection(SolutionProperties) = preSolution
		HideSolutionNode = FALSE
	EndGlobalSection
	GlobalSection(ExtensibilityGlobals) = postSolution
		SolutionGuid = {3FB5659A-B3C3-44C1-830C-B4C773599C55}
	EndGlobalSection
EndGlobal
